
Microsoft Visual Studio Solution File, Format Version 12.00
# Visual Studio Version 17
VisualStudioVersion = 17.14.36301.6 d17.14
MinimumVisualStudioVersion = 10.0.40219.1
Project("{FAE04EC0-301F-11D3-BF4B-00C04F79EFBC}") = "Phoenix Play", "Phoenix Play\Phoenix Play.csproj", "{046ED8DD-BCD3-4ECE-AA98-27FC6EF244A5}"
EndProject
Global
	GlobalSection(SolutionConfigurationPlatforms) = preSolution
		Debug|Any CPU = Debug|Any CPU
		Release|Any CPU = Release|Any CPU
	EndGlobalSection
	GlobalSection(ProjectConfigurationPlatforms) = postSolution
		{046ED8DD-BCD3-4ECE-AA98-27FC6EF244A5}.Debug|Any CPU.ActiveCfg = Debug|Any CPU
		{046ED8DD-BCD3-4ECE-AA98-27FC6EF244A5}.Debug|Any CPU.Build.0 = Debug|Any CPU
		{046ED8DD-BCD3-4ECE-AA98-27FC6EF244A5}.Release|Any CPU.ActiveCfg = Release|Any CPU
		{046ED8DD-BCD3-4ECE-AA98-27FC6EF244A5}.Release|Any CPU.Build.0 = Release|Any CPU
	EndGlobalSection
	GlobalSection(SolutionProperties) = preSolution
		HideSolutionNode = FALSE
	EndGlobalSection
	GlobalSection(ExtensibilityGlobals) = postSolution
		SolutionGuid = {96B61029-700D-473E-899B-48A0803EE671}
	EndGlobalSection
EndGlobal
